
Microsoft Visual Studio Solution File, Format Version 12.00
# Visual Studio Version 16
VisualStudioVersion = 16.0.30204.135
MinimumVisualStudioVersion = 10.0.40219.1
Project("{FAE04EC0-301F-11D3-BF4B-00C04F79EFBC}") = "sudiApp", "sudiApp\sudiApp.csproj", "{1DF14956-0AF9-43F3-9A91-5A03B7D21073}"
EndProject
Global
	GlobalSection(SolutionConfigurationPlatforms) = preSolution
		Debug|Any CPU = Debug|Any CPU
		Release|Any CPU = Release|Any CPU
	EndGlobalSection
	GlobalSection(ProjectConfigurationPlatforms) = postSolution
		{1DF14956-0AF9-43F3-9A91-5A03B7D21073}.Debug|Any CPU.ActiveCfg = Debug|Any CPU
		{1DF14956-0AF9-43F3-9A91-5A03B7D21073}.Debug|Any CPU.Build.0 = Debug|Any CPU
		{1DF14956-0AF9-43F3-9A91-5A03B7D21073}.Release|Any CPU.ActiveCfg = Release|Any CPU
		{1DF14956-0AF9-43F3-9A91-5A03B7D21073}.Release|Any CPU.Build.0 = Release|Any CPU
	EndGlobalSection
	GlobalSection(SolutionProperties) = preSolution
		HideSolutionNode = FALSE
	EndGlobalSection
	GlobalSection(ExtensibilityGlobals) = postSolution
		SolutionGuid = {2C240703-4C35-4C8E-893C-17968617EC27}
	EndGlobalSection
EndGlobal
